// !$*UTF8*$!
{
	archiveVersion = 1;
	classes = {
	};
	objectVersion = 56;
	objects = {

/* Begin PBXBuildFile section */
		21E75A02EF4C63DA0BD75822 /* Pods_Chat_App.framework in Frameworks */ = {isa = PBXBuildFile; fileRef = 875C0C3023E35804BB3E4C8A /* Pods_Chat_App.framework */; };
		BB078D612C37B313008EDE76 /* ChatViewController.swift in Sources */ = {isa = PBXBuildFile; fileRef = BB078D5F2C37B313008EDE76 /* ChatViewController.swift */; };
		BB078D622C37B313008EDE76 /* ChatViewController.xib in Resources */ = {isa = PBXBuildFile; fileRef = BB078D602C37B313008EDE76 /* ChatViewController.xib */; };
		BB078D642C37B31F008EDE76 /* ChatViewModel.swift in Sources */ = {isa = PBXBuildFile; fileRef = BB078D632C37B31F008EDE76 /* ChatViewModel.swift */; };
		BB0B914E2C3524C300F50A08 /* AppDelegate.swift in Sources */ = {isa = PBXBuildFile; fileRef = BB0B914D2C3524C300F50A08 /* AppDelegate.swift */; };
		BB0B91502C3524C300F50A08 /* SceneDelegate.swift in Sources */ = {isa = PBXBuildFile; fileRef = BB0B914F2C3524C300F50A08 /* SceneDelegate.swift */; };
		BB0B91572C3524C500F50A08 /* Assets.xcassets in Resources */ = {isa = PBXBuildFile; fileRef = BB0B91562C3524C500F50A08 /* Assets.xcassets */; };
		BB0B915A2C3524C500F50A08 /* Base in Resources */ = {isa = PBXBuildFile; fileRef = BB0B91592C3524C500F50A08 /* Base */; };
		BB0B916A2C35264000F50A08 /* LoginVC.swift in Sources */ = {isa = PBXBuildFile; fileRef = BB0B91682C35264000F50A08 /* LoginVC.swift */; };
		BB0B916B2C35264000F50A08 /* LoginVC.xib in Resources */ = {isa = PBXBuildFile; fileRef = BB0B91692C35264000F50A08 /* LoginVC.xib */; };
		BB0B916F2C35291600F50A08 /* Extensions.swift in Sources */ = {isa = PBXBuildFile; fileRef = BB0B916E2C35291600F50A08 /* Extensions.swift */; };
		BB0B91732C3533C800F50A08 /* WelcomeVC.swift in Sources */ = {isa = PBXBuildFile; fileRef = BB0B91712C3533C800F50A08 /* WelcomeVC.swift */; };
		BB0B91742C3533C800F50A08 /* WelcomeVC.xib in Resources */ = {isa = PBXBuildFile; fileRef = BB0B91722C3533C800F50A08 /* WelcomeVC.xib */; };
		BB0B91952C354EA500F50A08 /* Structs.swift in Sources */ = {isa = PBXBuildFile; fileRef = BB0B91942C354EA500F50A08 /* Structs.swift */; };
		BB0B91972C35560D00F50A08 /* Fonts.swift in Sources */ = {isa = PBXBuildFile; fileRef = BB0B91962C35560D00F50A08 /* Fonts.swift */; };
		BB0B919B2C35680400F50A08 /* Router.swift in Sources */ = {isa = PBXBuildFile; fileRef = BB0B919A2C35680400F50A08 /* Router.swift */; };
		BB0B919D2C356B9C00F50A08 /* LoginViewModel.swift in Sources */ = {isa = PBXBuildFile; fileRef = BB0B919C2C356B9C00F50A08 /* LoginViewModel.swift */; };
		BB0B919F2C356FF300F50A08 /* WelcomeViewModel.swift in Sources */ = {isa = PBXBuildFile; fileRef = BB0B919E2C356FF300F50A08 /* WelcomeViewModel.swift */; };
		BB1C0F522C37C144005FB5F8 /* TextChatTableViewCell.xib in Resources */ = {isa = PBXBuildFile; fileRef = BB1C0F512C37C144005FB5F8 /* TextChatTableViewCell.xib */; };
		BB1C0F532C37C144005FB5F8 /* TextChatTableViewCell.swift in Sources */ = {isa = PBXBuildFile; fileRef = BB1C0F502C37C144005FB5F8 /* TextChatTableViewCell.swift */; };
		BB247E962C3E509400E66618 /* HomeDataModel.swift in Sources */ = {isa = PBXBuildFile; fileRef = BB247E952C3E509400E66618 /* HomeDataModel.swift */; };
		BB2651012C36AED3007A4F25 /* HomeViewController.swift in Sources */ = {isa = PBXBuildFile; fileRef = BB2650FF2C36AED3007A4F25 /* HomeViewController.swift */; };
		BB2651022C36AED3007A4F25 /* HomeViewController.xib in Resources */ = {isa = PBXBuildFile; fileRef = BB2651002C36AED3007A4F25 /* HomeViewController.xib */; };
		BB2651042C36AEDE007A4F25 /* HomeViewModel.swift in Sources */ = {isa = PBXBuildFile; fileRef = BB2651032C36AEDE007A4F25 /* HomeViewModel.swift */; };
		BBA315692C3583C3008F07F5 /* Roboto-Black.ttf in Resources */ = {isa = PBXBuildFile; fileRef = BB0B91772C35363500F50A08 /* Roboto-Black.ttf */; };
		BBA3156A2C3583C6008F07F5 /* Roboto-BlackItalic.ttf in Resources */ = {isa = PBXBuildFile; fileRef = BB0B917E2C35363500F50A08 /* Roboto-BlackItalic.ttf */; };
		BBA3156B2C3583C9008F07F5 /* Roboto-Bold.ttf in Resources */ = {isa = PBXBuildFile; fileRef = BB0B91782C35363500F50A08 /* Roboto-Bold.ttf */; };
		BBA3156C2C3583CC008F07F5 /* Roboto-BoldItalic.ttf in Resources */ = {isa = PBXBuildFile; fileRef = BB0B91822C35363500F50A08 /* Roboto-BoldItalic.ttf */; };
		BBA3156D2C3583CF008F07F5 /* Roboto-Italic.ttf in Resources */ = {isa = PBXBuildFile; fileRef = BB0B91832C35363500F50A08 /* Roboto-Italic.ttf */; };
		BBA3156E2C3583D2008F07F5 /* Roboto-Light.ttf in Resources */ = {isa = PBXBuildFile; fileRef = BB0B91812C35363500F50A08 /* Roboto-Light.ttf */; };
		BBA3156F2C3583D5008F07F5 /* Roboto-LightItalic.ttf in Resources */ = {isa = PBXBuildFile; fileRef = BB0B917A2C35363500F50A08 /* Roboto-LightItalic.ttf */; };
		BBA315702C3583DA008F07F5 /* Roboto-Medium.ttf in Resources */ = {isa = PBXBuildFile; fileRef = BB0B917B2C35363500F50A08 /* Roboto-Medium.ttf */; };
		BBA315712C3583E5008F07F5 /* Roboto-MediumItalic.ttf in Resources */ = {isa = PBXBuildFile; fileRef = BB0B91802C35363500F50A08 /* Roboto-MediumItalic.ttf */; };
		BBA315722C3583E8008F07F5 /* Roboto-Regular.ttf in Resources */ = {isa = PBXBuildFile; fileRef = BB0B917F2C35363500F50A08 /* Roboto-Regular.ttf */; };
		BBA315732C3583EB008F07F5 /* Roboto-Thin.ttf in Resources */ = {isa = PBXBuildFile; fileRef = BB0B917C2C35363500F50A08 /* Roboto-Thin.ttf */; };
		BBA315742C3583ED008F07F5 /* Roboto-ThinItalic.ttf in Resources */ = {isa = PBXBuildFile; fileRef = BB0B91792C35363500F50A08 /* Roboto-ThinItalic.ttf */; };
		BBBCA0D12C37DA76004568A1 /* ChatTableHeaderView.xib in Resources */ = {isa = PBXBuildFile; fileRef = BBBCA0D02C37DA76004568A1 /* ChatTableHeaderView.xib */; };
		BBBCA0D32C37DC24004568A1 /* ChatTableHeaderView.swift in Sources */ = {isa = PBXBuildFile; fileRef = BBBCA0D22C37DC24004568A1 /* ChatTableHeaderView.swift */; };
		BBBCA0D62C380107004568A1 /* Utility.swift in Sources */ = {isa = PBXBuildFile; fileRef = BBBCA0D52C380107004568A1 /* Utility.swift */; };
		BBBCA0DB2C382711004568A1 /* GoogleService-Info.plist in Resources */ = {isa = PBXBuildFile; fileRef = BBBCA0DA2C382711004568A1 /* GoogleService-Info.plist */; };
		BBCDBD912C365F00009C69BB /* OTPViewController.swift in Sources */ = {isa = PBXBuildFile; fileRef = BBCDBD8F2C365F00009C69BB /* OTPViewController.swift */; };
		BBCDBD922C365F00009C69BB /* OTPViewController.xib in Resources */ = {isa = PBXBuildFile; fileRef = BBCDBD902C365F00009C69BB /* OTPViewController.xib */; };
		BBCDBD942C365F0C009C69BB /* OTPViewModel.swift in Sources */ = {isa = PBXBuildFile; fileRef = BBCDBD932C365F0C009C69BB /* OTPViewModel.swift */; };
		BBF09E242C36BFF600E4BC9B /* Enums.swift in Sources */ = {isa = PBXBuildFile; fileRef = BBF09E232C36BFF600E4BC9B /* Enums.swift */; };
		BBF09E292C36CF1D00E4BC9B /* ContactTableViewCell.xib in Resources */ = {isa = PBXBuildFile; fileRef = BBF09E282C36CF1D00E4BC9B /* ContactTableViewCell.xib */; };
		BBF09E2A2C36CF1D00E4BC9B /* ContactTableViewCell.swift in Sources */ = {isa = PBXBuildFile; fileRef = BBF09E272C36CF1D00E4BC9B /* ContactTableViewCell.swift */; };
		BBF439682C3BA92C007D7D76 /* Toast.swift in Sources */ = {isa = PBXBuildFile; fileRef = BBF439672C3BA92C007D7D76 /* Toast.swift */; };
		BBF4396E2C3BC55C007D7D76 /* ContactModel.swift in Sources */ = {isa = PBXBuildFile; fileRef = BBF439692C3BC55C007D7D76 /* ContactModel.swift */; };
		BBF4396F2C3BC55C007D7D76 /* ContactsViewController.swift in Sources */ = {isa = PBXBuildFile; fileRef = BBF4396A2C3BC55C007D7D76 /* ContactsViewController.swift */; };
		BBF439702C3BC55C007D7D76 /* ContactsViewController.xib in Resources */ = {isa = PBXBuildFile; fileRef = BBF4396B2C3BC55C007D7D76 /* ContactsViewController.xib */; };
		BBF439712C3BC55C007D7D76 /* ContactsViewModel.swift in Sources */ = {isa = PBXBuildFile; fileRef = BBF4396C2C3BC55C007D7D76 /* ContactsViewModel.swift */; };
		BBF439732C3BD3D5007D7D76 /* Constants.swift in Sources */ = {isa = PBXBuildFile; fileRef = BBF439722C3BD3D5007D7D76 /* Constants.swift */; };
/* End PBXBuildFile section */

/* Begin PBXFileReference section */
		43C338E0431EAAE0F916DB55 /* Pods-Chat App.debug.xcconfig */ = {isa = PBXFileReference; includeInIndex = 1; lastKnownFileType = text.xcconfig; name = "Pods-Chat App.debug.xcconfig"; path = "Target Support Files/Pods-Chat App/Pods-Chat App.debug.xcconfig"; sourceTree = "<group>"; };
		875C0C3023E35804BB3E4C8A /* Pods_Chat_App.framework */ = {isa = PBXFileReference; explicitFileType = wrapper.framework; includeInIndex = 0; path = Pods_Chat_App.framework; sourceTree = BUILT_PRODUCTS_DIR; };
		BB078D5F2C37B313008EDE76 /* ChatViewController.swift */ = {isa = PBXFileReference; lastKnownFileType = sourcecode.swift; path = ChatViewController.swift; sourceTree = "<group>"; };
		BB078D602C37B313008EDE76 /* ChatViewController.xib */ = {isa = PBXFileReference; lastKnownFileType = file.xib; path = ChatViewController.xib; sourceTree = "<group>"; };
		BB078D632C37B31F008EDE76 /* ChatViewModel.swift */ = {isa = PBXFileReference; lastKnownFileType = sourcecode.swift; path = ChatViewModel.swift; sourceTree = "<group>"; };
		BB0B914A2C3524C300F50A08 /* Chat App.app */ = {isa = PBXFileReference; explicitFileType = wrapper.application; includeInIndex = 0; path = "Chat App.app"; sourceTree = BUILT_PRODUCTS_DIR; };
		BB0B914D2C3524C300F50A08 /* AppDelegate.swift */ = {isa = PBXFileReference; lastKnownFileType = sourcecode.swift; path = AppDelegate.swift; sourceTree = "<group>"; };
		BB0B914F2C3524C300F50A08 /* SceneDelegate.swift */ = {isa = PBXFileReference; lastKnownFileType = sourcecode.swift; path = SceneDelegate.swift; sourceTree = "<group>"; };
		BB0B91562C3524C500F50A08 /* Assets.xcassets */ = {isa = PBXFileReference; lastKnownFileType = folder.assetcatalog; path = Assets.xcassets; sourceTree = "<group>"; };
		BB0B91592C3524C500F50A08 /* Base */ = {isa = PBXFileReference; lastKnownFileType = file.storyboard; name = Base; path = Base.lproj/LaunchScreen.storyboard; sourceTree = "<group>"; };
		BB0B91682C35264000F50A08 /* LoginVC.swift */ = {isa = PBXFileReference; lastKnownFileType = sourcecode.swift; path = LoginVC.swift; sourceTree = "<group>"; };
		BB0B91692C35264000F50A08 /* LoginVC.xib */ = {isa = PBXFileReference; lastKnownFileType = file.xib; path = LoginVC.xib; sourceTree = "<group>"; };
		BB0B916E2C35291600F50A08 /* Extensions.swift */ = {isa = PBXFileReference; lastKnownFileType = sourcecode.swift; path = Extensions.swift; sourceTree = "<group>"; };
		BB0B91712C3533C800F50A08 /* WelcomeVC.swift */ = {isa = PBXFileReference; lastKnownFileType = sourcecode.swift; path = WelcomeVC.swift; sourceTree = "<group>"; };
		BB0B91722C3533C800F50A08 /* WelcomeVC.xib */ = {isa = PBXFileReference; lastKnownFileType = file.xib; path = WelcomeVC.xib; sourceTree = "<group>"; };
		BB0B91772C35363500F50A08 /* Roboto-Black.ttf */ = {isa = PBXFileReference; lastKnownFileType = file; path = "Roboto-Black.ttf"; sourceTree = "<group>"; };
		BB0B91782C35363500F50A08 /* Roboto-Bold.ttf */ = {isa = PBXFileReference; lastKnownFileType = file; path = "Roboto-Bold.ttf"; sourceTree = "<group>"; };
		BB0B91792C35363500F50A08 /* Roboto-ThinItalic.ttf */ = {isa = PBXFileReference; lastKnownFileType = file; path = "Roboto-ThinItalic.ttf"; sourceTree = "<group>"; };
		BB0B917A2C35363500F50A08 /* Roboto-LightItalic.ttf */ = {isa = PBXFileReference; lastKnownFileType = file; path = "Roboto-LightItalic.ttf"; sourceTree = "<group>"; };
		BB0B917B2C35363500F50A08 /* Roboto-Medium.ttf */ = {isa = PBXFileReference; lastKnownFileType = file; path = "Roboto-Medium.ttf"; sourceTree = "<group>"; };
		BB0B917C2C35363500F50A08 /* Roboto-Thin.ttf */ = {isa = PBXFileReference; lastKnownFileType = file; path = "Roboto-Thin.ttf"; sourceTree = "<group>"; };
		BB0B917E2C35363500F50A08 /* Roboto-BlackItalic.ttf */ = {isa = PBXFileReference; lastKnownFileType = file; path = "Roboto-BlackItalic.ttf"; sourceTree = "<group>"; };
		BB0B917F2C35363500F50A08 /* Roboto-Regular.ttf */ = {isa = PBXFileReference; lastKnownFileType = file; path = "Roboto-Regular.ttf"; sourceTree = "<group>"; };
		BB0B91802C35363500F50A08 /* Roboto-MediumItalic.ttf */ = {isa = PBXFileReference; lastKnownFileType = file; path = "Roboto-MediumItalic.ttf"; sourceTree = "<group>"; };
		BB0B91812C35363500F50A08 /* Roboto-Light.ttf */ = {isa = PBXFileReference; lastKnownFileType = file; path = "Roboto-Light.ttf"; sourceTree = "<group>"; };
		BB0B91822C35363500F50A08 /* Roboto-BoldItalic.ttf */ = {isa = PBXFileReference; lastKnownFileType = file; path = "Roboto-BoldItalic.ttf"; sourceTree = "<group>"; };
		BB0B91832C35363500F50A08 /* Roboto-Italic.ttf */ = {isa = PBXFileReference; lastKnownFileType = file; path = "Roboto-Italic.ttf"; sourceTree = "<group>"; };
		BB0B91942C354EA500F50A08 /* Structs.swift */ = {isa = PBXFileReference; lastKnownFileType = sourcecode.swift; path = Structs.swift; sourceTree = "<group>"; };
		BB0B91962C35560D00F50A08 /* Fonts.swift */ = {isa = PBXFileReference; lastKnownFileType = sourcecode.swift; path = Fonts.swift; sourceTree = "<group>"; };
		BB0B919A2C35680400F50A08 /* Router.swift */ = {isa = PBXFileReference; fileEncoding = 4; lastKnownFileType = sourcecode.swift; path = Router.swift; sourceTree = "<group>"; };
		BB0B919C2C356B9C00F50A08 /* LoginViewModel.swift */ = {isa = PBXFileReference; lastKnownFileType = sourcecode.swift; path = LoginViewModel.swift; sourceTree = "<group>"; };
		BB0B919E2C356FF300F50A08 /* WelcomeViewModel.swift */ = {isa = PBXFileReference; lastKnownFileType = sourcecode.swift; path = WelcomeViewModel.swift; sourceTree = "<group>"; };
		BB1C0F502C37C144005FB5F8 /* TextChatTableViewCell.swift */ = {isa = PBXFileReference; lastKnownFileType = sourcecode.swift; path = TextChatTableViewCell.swift; sourceTree = "<group>"; };
		BB1C0F512C37C144005FB5F8 /* TextChatTableViewCell.xib */ = {isa = PBXFileReference; lastKnownFileType = file.xib; path = TextChatTableViewCell.xib; sourceTree = "<group>"; };
		BB247E952C3E509400E66618 /* HomeDataModel.swift */ = {isa = PBXFileReference; fileEncoding = 4; lastKnownFileType = sourcecode.swift; path = HomeDataModel.swift; sourceTree = "<group>"; };
		BB2650FF2C36AED3007A4F25 /* HomeViewController.swift */ = {isa = PBXFileReference; lastKnownFileType = sourcecode.swift; path = HomeViewController.swift; sourceTree = "<group>"; };
		BB2651002C36AED3007A4F25 /* HomeViewController.xib */ = {isa = PBXFileReference; lastKnownFileType = file.xib; path = HomeViewController.xib; sourceTree = "<group>"; };
		BB2651032C36AEDE007A4F25 /* HomeViewModel.swift */ = {isa = PBXFileReference; lastKnownFileType = sourcecode.swift; path = HomeViewModel.swift; sourceTree = "<group>"; };
		BB77A53B2C3584B200A42E2C /* Info.plist */ = {isa = PBXFileReference; lastKnownFileType = text.plist.xml; path = Info.plist; sourceTree = "<group>"; };
		BBBCA0D02C37DA76004568A1 /* ChatTableHeaderView.xib */ = {isa = PBXFileReference; lastKnownFileType = file.xib; path = ChatTableHeaderView.xib; sourceTree = "<group>"; };
		BBBCA0D22C37DC24004568A1 /* ChatTableHeaderView.swift */ = {isa = PBXFileReference; lastKnownFileType = sourcecode.swift; path = ChatTableHeaderView.swift; sourceTree = "<group>"; };
		BBBCA0D52C380107004568A1 /* Utility.swift */ = {isa = PBXFileReference; lastKnownFileType = sourcecode.swift; path = Utility.swift; sourceTree = "<group>"; };
		BBBCA0DA2C382711004568A1 /* GoogleService-Info.plist */ = {isa = PBXFileReference; fileEncoding = 4; lastKnownFileType = text.plist.xml; path = "GoogleService-Info.plist"; sourceTree = "<group>"; };
		BBCDBD8F2C365F00009C69BB /* OTPViewController.swift */ = {isa = PBXFileReference; lastKnownFileType = sourcecode.swift; path = OTPViewController.swift; sourceTree = "<group>"; };
		BBCDBD902C365F00009C69BB /* OTPViewController.xib */ = {isa = PBXFileReference; lastKnownFileType = file.xib; path = OTPViewController.xib; sourceTree = "<group>"; };
		BBCDBD932C365F0C009C69BB /* OTPViewModel.swift */ = {isa = PBXFileReference; lastKnownFileType = sourcecode.swift; path = OTPViewModel.swift; sourceTree = "<group>"; };
		BBF09E232C36BFF600E4BC9B /* Enums.swift */ = {isa = PBXFileReference; lastKnownFileType = sourcecode.swift; path = Enums.swift; sourceTree = "<group>"; };
		BBF09E272C36CF1D00E4BC9B /* ContactTableViewCell.swift */ = {isa = PBXFileReference; lastKnownFileType = sourcecode.swift; path = ContactTableViewCell.swift; sourceTree = "<group>"; };
		BBF09E282C36CF1D00E4BC9B /* ContactTableViewCell.xib */ = {isa = PBXFileReference; lastKnownFileType = file.xib; path = ContactTableViewCell.xib; sourceTree = "<group>"; };
		BBF439672C3BA92C007D7D76 /* Toast.swift */ = {isa = PBXFileReference; fileEncoding = 4; lastKnownFileType = sourcecode.swift; path = Toast.swift; sourceTree = "<group>"; };
		BBF439692C3BC55C007D7D76 /* ContactModel.swift */ = {isa = PBXFileReference; fileEncoding = 4; lastKnownFileType = sourcecode.swift; path = ContactModel.swift; sourceTree = "<group>"; };
		BBF4396A2C3BC55C007D7D76 /* ContactsViewController.swift */ = {isa = PBXFileReference; fileEncoding = 4; lastKnownFileType = sourcecode.swift; path = ContactsViewController.swift; sourceTree = "<group>"; };
		BBF4396B2C3BC55C007D7D76 /* ContactsViewController.xib */ = {isa = PBXFileReference; fileEncoding = 4; lastKnownFileType = file.xib; path = ContactsViewController.xib; sourceTree = "<group>"; };
		BBF4396C2C3BC55C007D7D76 /* ContactsViewModel.swift */ = {isa = PBXFileReference; fileEncoding = 4; lastKnownFileType = sourcecode.swift; path = ContactsViewModel.swift; sourceTree = "<group>"; };
		BBF439722C3BD3D5007D7D76 /* Constants.swift */ = {isa = PBXFileReference; lastKnownFileType = sourcecode.swift; path = Constants.swift; sourceTree = "<group>"; };
		E1DA4CE993A449509C80FA74 /* Pods-Chat App.release.xcconfig */ = {isa = PBXFileReference; includeInIndex = 1; lastKnownFileType = text.xcconfig; name = "Pods-Chat App.release.xcconfig"; path = "Target Support Files/Pods-Chat App/Pods-Chat App.release.xcconfig"; sourceTree = "<group>"; };
/* End PBXFileReference section */

/* Begin PBXFrameworksBuildPhase section */
		BB0B91472C3524C300F50A08 /* Frameworks */ = {
			isa = PBXFrameworksBuildPhase;
			buildActionMask = 2147483647;
			files = (
				21E75A02EF4C63DA0BD75822 /* Pods_Chat_App.framework in Frameworks */,
			);
			runOnlyForDeploymentPostprocessing = 0;
		};
/* End PBXFrameworksBuildPhase section */

/* Begin PBXGroup section */
		9FF6641F4059E2CA974A4BB4 /* Pods */ = {
			isa = PBXGroup;
			children = (
				43C338E0431EAAE0F916DB55 /* Pods-Chat App.debug.xcconfig */,
				E1DA4CE993A449509C80FA74 /* Pods-Chat App.release.xcconfig */,
			);
			path = Pods;
			sourceTree = "<group>";
		};
		BB078D5E2C37B218008EDE76 /* Chat */ = {
			isa = PBXGroup;
			children = (
				BB078D5F2C37B313008EDE76 /* ChatViewController.swift */,
				BB078D602C37B313008EDE76 /* ChatViewController.xib */,
				BB078D632C37B31F008EDE76 /* ChatViewModel.swift */,
			);
			path = Chat;
			sourceTree = "<group>";
		};
		BB0B91412C3524C300F50A08 = {
			isa = PBXGroup;
			children = (
				BB0B914C2C3524C300F50A08 /* Chat App */,
				BB0B914B2C3524C300F50A08 /* Products */,
				9FF6641F4059E2CA974A4BB4 /* Pods */,
				F12CEB449584A42268B28586 /* Frameworks */,
			);
			sourceTree = "<group>";
		};
		BB0B914B2C3524C300F50A08 /* Products */ = {
			isa = PBXGroup;
			children = (
				BB0B914A2C3524C300F50A08 /* Chat App.app */,
			);
			name = Products;
			sourceTree = "<group>";
		};
		BB0B914C2C3524C300F50A08 /* Chat App */ = {
			isa = PBXGroup;
			children = (
				BB0B91642C3525A400F50A08 /* Applications */,
				BB0B91632C35257600F50A08 /* Controllers & Models */,
				BB0B91922C354E9100F50A08 /* Constants */,
				BB0B91662C35260900F50A08 /* Helpers */,
				BB0B916D2C35290700F50A08 /* Extensions */,
				BB0B916C2C3526C400F50A08 /* Reusable */,
				BB0B91652C3525EF00F50A08 /* Resources */,
				BB0B91752C35362400F50A08 /* Fonts */,
				BB0B91582C3524C500F50A08 /* LaunchScreen.storyboard */,
				BB77A53B2C3584B200A42E2C /* Info.plist */,
				BBBCA0DA2C382711004568A1 /* GoogleService-Info.plist */,
			);
			path = "Chat App";
			sourceTree = "<group>";
		};
		BB0B91632C35257600F50A08 /* Controllers & Models */ = {
			isa = PBXGroup;
			children = (
				BB0B91702C35325900F50A08 /* Welcome */,
				BB0B91672C35262400F50A08 /* Login */,
				BBCDBD8E2C365EE0009C69BB /* OTP */,
				BB2650FE2C36AEBE007A4F25 /* Home */,
				BB078D5E2C37B218008EDE76 /* Chat */,
				BBF4396D2C3BC55C007D7D76 /* Contacts */,
			);
			path = "Controllers & Models";
			sourceTree = "<group>";
		};
		BB0B91642C3525A400F50A08 /* Applications */ = {
			isa = PBXGroup;
			children = (
				BB0B914D2C3524C300F50A08 /* AppDelegate.swift */,
				BB0B914F2C3524C300F50A08 /* SceneDelegate.swift */,
			);
			path = Applications;
			sourceTree = "<group>";
		};
		BB0B91652C3525EF00F50A08 /* Resources */ = {
			isa = PBXGroup;
			children = (
				BB0B91562C3524C500F50A08 /* Assets.xcassets */,
			);
			path = Resources;
			sourceTree = "<group>";
		};
		BB0B91662C35260900F50A08 /* Helpers */ = {
			isa = PBXGroup;
			children = (
				BB0B919A2C35680400F50A08 /* Router.swift */,
				BBF439672C3BA92C007D7D76 /* Toast.swift */,
				BBBCA0D52C380107004568A1 /* Utility.swift */,
			);
			path = Helpers;
			sourceTree = "<group>";
		};
		BB0B91672C35262400F50A08 /* Login */ = {
			isa = PBXGroup;
			children = (
				BB0B91682C35264000F50A08 /* LoginVC.swift */,
				BB0B91692C35264000F50A08 /* LoginVC.xib */,
				BB0B919C2C356B9C00F50A08 /* LoginViewModel.swift */,
			);
			path = Login;
			sourceTree = "<group>";
		};
		BB0B916C2C3526C400F50A08 /* Reusable */ = {
			isa = PBXGroup;
			children = (
				BB1C0F4F2C37C0D7005FB5F8 /* Chat Screen */,
				BBF09E272C36CF1D00E4BC9B /* ContactTableViewCell.swift */,
				BBF09E282C36CF1D00E4BC9B /* ContactTableViewCell.xib */,
			);
			path = Reusable;
			sourceTree = "<group>";
		};
		BB0B916D2C35290700F50A08 /* Extensions */ = {
			isa = PBXGroup;
			children = (
				BB0B916E2C35291600F50A08 /* Extensions.swift */,
			);
			path = Extensions;
			sourceTree = "<group>";
		};
		BB0B91702C35325900F50A08 /* Welcome */ = {
			isa = PBXGroup;
			children = (
				BB0B91712C3533C800F50A08 /* WelcomeVC.swift */,
				BB0B91722C3533C800F50A08 /* WelcomeVC.xib */,
				BB0B919E2C356FF300F50A08 /* WelcomeViewModel.swift */,
			);
			path = Welcome;
			sourceTree = "<group>";
		};
		BB0B91752C35362400F50A08 /* Fonts */ = {
			isa = PBXGroup;
			children = (
				BB0B91962C35560D00F50A08 /* Fonts.swift */,
				BB0B91762C35362A00F50A08 /* Roboto */,
			);
			path = Fonts;
			sourceTree = "<group>";
		};
		BB0B91762C35362A00F50A08 /* Roboto */ = {
			isa = PBXGroup;
			children = (
				BB0B91772C35363500F50A08 /* Roboto-Black.ttf */,
				BB0B917E2C35363500F50A08 /* Roboto-BlackItalic.ttf */,
				BB0B91782C35363500F50A08 /* Roboto-Bold.ttf */,
				BB0B91822C35363500F50A08 /* Roboto-BoldItalic.ttf */,
				BB0B91832C35363500F50A08 /* Roboto-Italic.ttf */,
				BB0B91812C35363500F50A08 /* Roboto-Light.ttf */,
				BB0B917A2C35363500F50A08 /* Roboto-LightItalic.ttf */,
				BB0B917B2C35363500F50A08 /* Roboto-Medium.ttf */,
				BB0B91802C35363500F50A08 /* Roboto-MediumItalic.ttf */,
				BB0B917F2C35363500F50A08 /* Roboto-Regular.ttf */,
				BB0B917C2C35363500F50A08 /* Roboto-Thin.ttf */,
				BB0B91792C35363500F50A08 /* Roboto-ThinItalic.ttf */,
			);
			path = Roboto;
			sourceTree = "<group>";
		};
		BB0B91922C354E9100F50A08 /* Constants */ = {
			isa = PBXGroup;
			children = (
				BBF09E232C36BFF600E4BC9B /* Enums.swift */,
				BB0B91942C354EA500F50A08 /* Structs.swift */,
				BBF439722C3BD3D5007D7D76 /* Constants.swift */,
			);
			path = Constants;
			sourceTree = "<group>";
		};
		BB1C0F4F2C37C0D7005FB5F8 /* Chat Screen */ = {
			isa = PBXGroup;
			children = (
				BB1C0F502C37C144005FB5F8 /* TextChatTableViewCell.swift */,
				BB1C0F512C37C144005FB5F8 /* TextChatTableViewCell.xib */,
				BBBCA0D02C37DA76004568A1 /* ChatTableHeaderView.xib */,
				BBBCA0D22C37DC24004568A1 /* ChatTableHeaderView.swift */,
			);
			path = "Chat Screen";
			sourceTree = "<group>";
		};
		BB2650FE2C36AEBE007A4F25 /* Home */ = {
			isa = PBXGroup;
			children = (
				BB2650FF2C36AED3007A4F25 /* HomeViewController.swift */,
				BB2651002C36AED3007A4F25 /* HomeViewController.xib */,
				BB2651032C36AEDE007A4F25 /* HomeViewModel.swift */,
				BB247E952C3E509400E66618 /* HomeDataModel.swift */,
			);
			path = Home;
			sourceTree = "<group>";
		};
		BBCDBD8E2C365EE0009C69BB /* OTP */ = {
			isa = PBXGroup;
			children = (
				BBCDBD8F2C365F00009C69BB /* OTPViewController.swift */,
				BBCDBD902C365F00009C69BB /* OTPViewController.xib */,
				BBCDBD932C365F0C009C69BB /* OTPViewModel.swift */,
			);
			path = OTP;
			sourceTree = "<group>";
		};
		BBF4396D2C3BC55C007D7D76 /* Contacts */ = {
			isa = PBXGroup;
			children = (
				BBF439692C3BC55C007D7D76 /* ContactModel.swift */,
				BBF4396A2C3BC55C007D7D76 /* ContactsViewController.swift */,
				BBF4396B2C3BC55C007D7D76 /* ContactsViewController.xib */,
				BBF4396C2C3BC55C007D7D76 /* ContactsViewModel.swift */,
			);
			path = Contacts;
			sourceTree = "<group>";
		};
		F12CEB449584A42268B28586 /* Frameworks */ = {
			isa = PBXGroup;
			children = (
				875C0C3023E35804BB3E4C8A /* Pods_Chat_App.framework */,
			);
			name = Frameworks;
			sourceTree = "<group>";
		};
/* End PBXGroup section */

/* Begin PBXNativeTarget section */
		BB0B91492C3524C300F50A08 /* Chat App */ = {
			isa = PBXNativeTarget;
			buildConfigurationList = BB0B915E2C3524C500F50A08 /* Build configuration list for PBXNativeTarget "Chat App" */;
			buildPhases = (
				7A84C49DBB6AB50B44650C68 /* [CP] Check Pods Manifest.lock */,
				BB0B91462C3524C300F50A08 /* Sources */,
				BB0B91472C3524C300F50A08 /* Frameworks */,
				BB0B91482C3524C300F50A08 /* Resources */,
				E395822091FBBA313E60C1E4 /* [CP] Embed Pods Frameworks */,
			);
			buildRules = (
			);
			dependencies = (
			);
			name = "Chat App";
			productName = "Chat App";
			productReference = BB0B914A2C3524C300F50A08 /* Chat App.app */;
			productType = "com.apple.product-type.application";
		};
/* End PBXNativeTarget section */

/* Begin PBXProject section */
		BB0B91422C3524C300F50A08 /* Project object */ = {
			isa = PBXProject;
			attributes = {
				BuildIndependentTargetsInParallel = 1;
				LastSwiftUpdateCheck = 1530;
				LastUpgradeCheck = 1530;
				TargetAttributes = {
					BB0B91492C3524C300F50A08 = {
						CreatedOnToolsVersion = 15.3;
					};
				};
			};
			buildConfigurationList = BB0B91452C3524C300F50A08 /* Build configuration list for PBXProject "Chat App" */;
			compatibilityVersion = "Xcode 14.0";
			developmentRegion = en;
			hasScannedForEncodings = 0;
			knownRegions = (
				en,
				Base,
			);
			mainGroup = BB0B91412C3524C300F50A08;
			productRefGroup = BB0B914B2C3524C300F50A08 /* Products */;
			projectDirPath = "";
			projectRoot = "";
			targets = (
				BB0B91492C3524C300F50A08 /* Chat App */,
			);
		};
/* End PBXProject section */

/* Begin PBXResourcesBuildPhase section */
		BB0B91482C3524C300F50A08 /* Resources */ = {
			isa = PBXResourcesBuildPhase;
			buildActionMask = 2147483647;
			files = (
				BBA3156C2C3583CC008F07F5 /* Roboto-BoldItalic.ttf in Resources */,
				BBF439702C3BC55C007D7D76 /* ContactsViewController.xib in Resources */,
				BB1C0F522C37C144005FB5F8 /* TextChatTableViewCell.xib in Resources */,
				BBBCA0D12C37DA76004568A1 /* ChatTableHeaderView.xib in Resources */,
				BB0B916B2C35264000F50A08 /* LoginVC.xib in Resources */,
				BBA315732C3583EB008F07F5 /* Roboto-Thin.ttf in Resources */,
				BBA315702C3583DA008F07F5 /* Roboto-Medium.ttf in Resources */,
				BBCDBD922C365F00009C69BB /* OTPViewController.xib in Resources */,
				BBA3156A2C3583C6008F07F5 /* Roboto-BlackItalic.ttf in Resources */,
				BB0B91572C3524C500F50A08 /* Assets.xcassets in Resources */,
				BBA3156D2C3583CF008F07F5 /* Roboto-Italic.ttf in Resources */,
				BBA315692C3583C3008F07F5 /* Roboto-Black.ttf in Resources */,
				BBA3156B2C3583C9008F07F5 /* Roboto-Bold.ttf in Resources */,
				BBF09E292C36CF1D00E4BC9B /* ContactTableViewCell.xib in Resources */,
				BBA315742C3583ED008F07F5 /* Roboto-ThinItalic.ttf in Resources */,
				BB0B915A2C3524C500F50A08 /* Base in Resources */,
				BBA3156F2C3583D5008F07F5 /* Roboto-LightItalic.ttf in Resources */,
				BBA315712C3583E5008F07F5 /* Roboto-MediumItalic.ttf in Resources */,
				BBA3156E2C3583D2008F07F5 /* Roboto-Light.ttf in Resources */,
				BBA315722C3583E8008F07F5 /* Roboto-Regular.ttf in Resources */,
				BBBCA0DB2C382711004568A1 /* GoogleService-Info.plist in Resources */,
				BB0B91742C3533C800F50A08 /* WelcomeVC.xib in Resources */,
				BB078D622C37B313008EDE76 /* ChatViewController.xib in Resources */,
				BB2651022C36AED3007A4F25 /* HomeViewController.xib in Resources */,
			);
			runOnlyForDeploymentPostprocessing = 0;
		};
/* End PBXResourcesBuildPhase section */

/* Begin PBXShellScriptBuildPhase section */
		7A84C49DBB6AB50B44650C68 /* [CP] Check Pods Manifest.lock */ = {
			isa = PBXShellScriptBuildPhase;
			buildActionMask = 2147483647;
			files = (
			);
			inputFileListPaths = (
			);
			inputPaths = (
				"${PODS_PODFILE_DIR_PATH}/Podfile.lock",
				"${PODS_ROOT}/Manifest.lock",
			);
			name = "[CP] Check Pods Manifest.lock";
			outputFileListPaths = (
			);
			outputPaths = (
				"$(DERIVED_FILE_DIR)/Pods-Chat App-checkManifestLockResult.txt",
			);
			runOnlyForDeploymentPostprocessing = 0;
			shellPath = /bin/sh;
			shellScript = "diff \"${PODS_PODFILE_DIR_PATH}/Podfile.lock\" \"${PODS_ROOT}/Manifest.lock\" > /dev/null\nif [ $? != 0 ] ; then\n    # print error to STDERR\n    echo \"error: The sandbox is not in sync with the Podfile.lock. Run 'pod install' or update your CocoaPods installation.\" >&2\n    exit 1\nfi\n# This output is used by Xcode 'outputs' to avoid re-running this script phase.\necho \"SUCCESS\" > \"${SCRIPT_OUTPUT_FILE_0}\"\n";
			showEnvVarsInLog = 0;
		};
		E395822091FBBA313E60C1E4 /* [CP] Embed Pods Frameworks */ = {
			isa = PBXShellScriptBuildPhase;
			buildActionMask = 2147483647;
			files = (
			);
			inputFileListPaths = (
				"${PODS_ROOT}/Target Support Files/Pods-Chat App/Pods-Chat App-frameworks-${CONFIGURATION}-input-files.xcfilelist",
			);
			name = "[CP] Embed Pods Frameworks";
			outputFileListPaths = (
				"${PODS_ROOT}/Target Support Files/Pods-Chat App/Pods-Chat App-frameworks-${CONFIGURATION}-output-files.xcfilelist",
			);
			runOnlyForDeploymentPostprocessing = 0;
			shellPath = /bin/sh;
			shellScript = "\"${PODS_ROOT}/Target Support Files/Pods-Chat App/Pods-Chat App-frameworks.sh\"\n";
			showEnvVarsInLog = 0;
		};
/* End PBXShellScriptBuildPhase section */

/* Begin PBXSourcesBuildPhase section */
		BB0B91462C3524C300F50A08 /* Sources */ = {
			isa = PBXSourcesBuildPhase;
			buildActionMask = 2147483647;
			files = (
				BB0B91972C35560D00F50A08 /* Fonts.swift in Sources */,
				BB0B919F2C356FF300F50A08 /* WelcomeViewModel.swift in Sources */,
				BB0B91952C354EA500F50A08 /* Structs.swift in Sources */,
				BB0B914E2C3524C300F50A08 /* AppDelegate.swift in Sources */,
				BBF4396E2C3BC55C007D7D76 /* ContactModel.swift in Sources */,
				BBF4396F2C3BC55C007D7D76 /* ContactsViewController.swift in Sources */,
				BB0B91732C3533C800F50A08 /* WelcomeVC.swift in Sources */,
				BBF439732C3BD3D5007D7D76 /* Constants.swift in Sources */,
				BB0B919B2C35680400F50A08 /* Router.swift in Sources */,
				BBCDBD912C365F00009C69BB /* OTPViewController.swift in Sources */,
				BBF09E242C36BFF600E4BC9B /* Enums.swift in Sources */,
				BB247E962C3E509400E66618 /* HomeDataModel.swift in Sources */,
				BB0B91502C3524C300F50A08 /* SceneDelegate.swift in Sources */,
				BB078D612C37B313008EDE76 /* ChatViewController.swift in Sources */,
				BB1C0F532C37C144005FB5F8 /* TextChatTableViewCell.swift in Sources */,
				BBF09E2A2C36CF1D00E4BC9B /* ContactTableViewCell.swift in Sources */,
				BBCDBD942C365F0C009C69BB /* OTPViewModel.swift in Sources */,
				BB2651042C36AEDE007A4F25 /* HomeViewModel.swift in Sources */,
				BBF439712C3BC55C007D7D76 /* ContactsViewModel.swift in Sources */,
				BBBCA0D62C380107004568A1 /* Utility.swift in Sources */,
				BB0B916A2C35264000F50A08 /* LoginVC.swift in Sources */,
				BB0B916F2C35291600F50A08 /* Extensions.swift in Sources */,
				BBBCA0D32C37DC24004568A1 /* ChatTableHeaderView.swift in Sources */,
				BB2651012C36AED3007A4F25 /* HomeViewController.swift in Sources */,
				BBF439682C3BA92C007D7D76 /* Toast.swift in Sources */,
				BB078D642C37B31F008EDE76 /* ChatViewModel.swift in Sources */,
				BB0B919D2C356B9C00F50A08 /* LoginViewModel.swift in Sources */,
			);
			runOnlyForDeploymentPostprocessing = 0;
		};
/* End PBXSourcesBuildPhase section */

/* Begin PBXVariantGroup section */
		BB0B91582C3524C500F50A08 /* LaunchScreen.storyboard */ = {
			isa = PBXVariantGroup;
			children = (
				BB0B91592C3524C500F50A08 /* Base */,
			);
			name = LaunchScreen.storyboard;
			sourceTree = "<group>";
		};
/* End PBXVariantGroup section */

/* Begin XCBuildConfiguration section */
		BB0B915C2C3524C500F50A08 /* Debug */ = {
			isa = XCBuildConfiguration;
			buildSettings = {
				ALWAYS_SEARCH_USER_PATHS = NO;
				ASSETCATALOG_COMPILER_GENERATE_SWIFT_ASSET_SYMBOL_EXTENSIONS = YES;
				CLANG_ANALYZER_NONNULL = YES;
				CLANG_ANALYZER_NUMBER_OBJECT_CONVERSION = YES_AGGRESSIVE;
				CLANG_CXX_LANGUAGE_STANDARD = "gnu++20";
				CLANG_ENABLE_MODULES = YES;
				CLANG_ENABLE_OBJC_ARC = YES;
				CLANG_ENABLE_OBJC_WEAK = YES;
				CLANG_WARN_BLOCK_CAPTURE_AUTORELEASING = YES;
				CLANG_WARN_BOOL_CONVERSION = YES;
				CLANG_WARN_COMMA = YES;
				CLANG_WARN_CONSTANT_CONVERSION = YES;
				CLANG_WARN_DEPRECATED_OBJC_IMPLEMENTATIONS = YES;
				CLANG_WARN_DIRECT_OBJC_ISA_USAGE = YES_ERROR;
				CLANG_WARN_DOCUMENTATION_COMMENTS = YES;
				CLANG_WARN_EMPTY_BODY = YES;
				CLANG_WARN_ENUM_CONVERSION = YES;
				CLANG_WARN_INFINITE_RECURSION = YES;
				CLANG_WARN_INT_CONVERSION = YES;
				CLANG_WARN_NON_LITERAL_NULL_CONVERSION = YES;
				CLANG_WARN_OBJC_IMPLICIT_RETAIN_SELF = YES;
				CLANG_WARN_OBJC_LITERAL_CONVERSION = YES;
				CLANG_WARN_OBJC_ROOT_CLASS = YES_ERROR;
				CLANG_WARN_QUOTED_INCLUDE_IN_FRAMEWORK_HEADER = YES;
				CLANG_WARN_RANGE_LOOP_ANALYSIS = YES;
				CLANG_WARN_STRICT_PROTOTYPES = YES;
				CLANG_WARN_SUSPICIOUS_MOVE = YES;
				CLANG_WARN_UNGUARDED_AVAILABILITY = YES_AGGRESSIVE;
				CLANG_WARN_UNREACHABLE_CODE = YES;
				CLANG_WARN__DUPLICATE_METHOD_MATCH = YES;
				COPY_PHASE_STRIP = NO;
				DEBUG_INFORMATION_FORMAT = dwarf;
				ENABLE_STRICT_OBJC_MSGSEND = YES;
				ENABLE_TESTABILITY = YES;
				ENABLE_USER_SCRIPT_SANDBOXING = YES;
				GCC_C_LANGUAGE_STANDARD = gnu17;
				GCC_DYNAMIC_NO_PIC = NO;
				GCC_NO_COMMON_BLOCKS = YES;
				GCC_OPTIMIZATION_LEVEL = 0;
				GCC_PREPROCESSOR_DEFINITIONS = (
					"DEBUG=1",
					"$(inherited)",
				);
				GCC_WARN_64_TO_32_BIT_CONVERSION = YES;
				GCC_WARN_ABOUT_RETURN_TYPE = YES_ERROR;
				GCC_WARN_UNDECLARED_SELECTOR = YES;
				GCC_WARN_UNINITIALIZED_AUTOS = YES_AGGRESSIVE;
				GCC_WARN_UNUSED_FUNCTION = YES;
				GCC_WARN_UNUSED_VARIABLE = YES;
				IPHONEOS_DEPLOYMENT_TARGET = 17.4;
				LOCALIZATION_PREFERS_STRING_CATALOGS = YES;
				MTL_ENABLE_DEBUG_INFO = INCLUDE_SOURCE;
				MTL_FAST_MATH = YES;
				ONLY_ACTIVE_ARCH = YES;
				SDKROOT = iphoneos;
				SWIFT_ACTIVE_COMPILATION_CONDITIONS = "DEBUG $(inherited)";
				SWIFT_OPTIMIZATION_LEVEL = "-Onone";
			};
			name = Debug;
		};
		BB0B915D2C3524C500F50A08 /* Release */ = {
			isa = XCBuildConfiguration;
			buildSettings = {
				ALWAYS_SEARCH_USER_PATHS = NO;
				ASSETCATALOG_COMPILER_GENERATE_SWIFT_ASSET_SYMBOL_EXTENSIONS = YES;
				CLANG_ANALYZER_NONNULL = YES;
				CLANG_ANALYZER_NUMBER_OBJECT_CONVERSION = YES_AGGRESSIVE;
				CLANG_CXX_LANGUAGE_STANDARD = "gnu++20";
				CLANG_ENABLE_MODULES = YES;
				CLANG_ENABLE_OBJC_ARC = YES;
				CLANG_ENABLE_OBJC_WEAK = YES;
				CLANG_WARN_BLOCK_CAPTURE_AUTORELEASING = YES;
				CLANG_WARN_BOOL_CONVERSION = YES;
				CLANG_WARN_COMMA = YES;
				CLANG_WARN_CONSTANT_CONVERSION = YES;
				CLANG_WARN_DEPRECATED_OBJC_IMPLEMENTATIONS = YES;
				CLANG_WARN_DIRECT_OBJC_ISA_USAGE = YES_ERROR;
				CLANG_WARN_DOCUMENTATION_COMMENTS = YES;
				CLANG_WARN_EMPTY_BODY = YES;
				CLANG_WARN_ENUM_CONVERSION = YES;
				CLANG_WARN_INFINITE_RECURSION = YES;
				CLANG_WARN_INT_CONVERSION = YES;
				CLANG_WARN_NON_LITERAL_NULL_CONVERSION = YES;
				CLANG_WARN_OBJC_IMPLICIT_RETAIN_SELF = YES;
				CLANG_WARN_OBJC_LITERAL_CONVERSION = YES;
				CLANG_WARN_OBJC_ROOT_CLASS = YES_ERROR;
				CLANG_WARN_QUOTED_INCLUDE_IN_FRAMEWORK_HEADER = YES;
				CLANG_WARN_RANGE_LOOP_ANALYSIS = YES;
				CLANG_WARN_STRICT_PROTOTYPES = YES;
				CLANG_WARN_SUSPICIOUS_MOVE = YES;
				CLANG_WARN_UNGUARDED_AVAILABILITY = YES_AGGRESSIVE;
				CLANG_WARN_UNREACHABLE_CODE = YES;
				CLANG_WARN__DUPLICATE_METHOD_MATCH = YES;
				COPY_PHASE_STRIP = NO;
				DEBUG_INFORMATION_FORMAT = "dwarf-with-dsym";
				ENABLE_NS_ASSERTIONS = NO;
				ENABLE_STRICT_OBJC_MSGSEND = YES;
				ENABLE_USER_SCRIPT_SANDBOXING = YES;
				GCC_C_LANGUAGE_STANDARD = gnu17;
				GCC_NO_COMMON_BLOCKS = YES;
				GCC_WARN_64_TO_32_BIT_CONVERSION = YES;
				GCC_WARN_ABOUT_RETURN_TYPE = YES_ERROR;
				GCC_WARN_UNDECLARED_SELECTOR = YES;
				GCC_WARN_UNINITIALIZED_AUTOS = YES_AGGRESSIVE;
				GCC_WARN_UNUSED_FUNCTION = YES;
				GCC_WARN_UNUSED_VARIABLE = YES;
				IPHONEOS_DEPLOYMENT_TARGET = 17.4;
				LOCALIZATION_PREFERS_STRING_CATALOGS = YES;
				MTL_ENABLE_DEBUG_INFO = NO;
				MTL_FAST_MATH = YES;
				SDKROOT = iphoneos;
				SWIFT_COMPILATION_MODE = wholemodule;
				VALIDATE_PRODUCT = YES;
			};
			name = Release;
		};
		BB0B915F2C3524C500F50A08 /* Debug */ = {
			isa = XCBuildConfiguration;
			baseConfigurationReference = 43C338E0431EAAE0F916DB55 /* Pods-Chat App.debug.xcconfig */;
			buildSettings = {
				ASSETCATALOG_COMPILER_APPICON_NAME = AppIcon;
				ASSETCATALOG_COMPILER_GLOBAL_ACCENT_COLOR_NAME = AccentColor;
				CODE_SIGN_STYLE = Automatic;
				CURRENT_PROJECT_VERSION = 1;
				DEVELOPMENT_TEAM = 3R3TM3V34F;
				ENABLE_USER_SCRIPT_SANDBOXING = NO;
				GENERATE_INFOPLIST_FILE = YES;
				INFOPLIST_FILE = "Chat App/Info.plist";
				INFOPLIST_KEY_UIApplicationSupportsIndirectInputEvents = YES;
				INFOPLIST_KEY_UILaunchStoryboardName = LaunchScreen;
				INFOPLIST_KEY_UISupportedInterfaceOrientations_iPad = "UIInterfaceOrientationPortrait UIInterfaceOrientationPortraitUpsideDown UIInterfaceOrientationLandscapeLeft UIInterfaceOrientationLandscapeRight";
				INFOPLIST_KEY_UISupportedInterfaceOrientations_iPhone = "UIInterfaceOrientationPortrait UIInterfaceOrientationLandscapeLeft UIInterfaceOrientationLandscapeRight";
				IPHONEOS_DEPLOYMENT_TARGET = 13.0;
				LD_RUNPATH_SEARCH_PATHS = (
					"$(inherited)",
					"@executable_path/Frameworks",
				);
				MARKETING_VERSION = 1.0;
				PRODUCT_BUNDLE_IDENTIFIER = "com.Chat-App";
				PRODUCT_NAME = "$(TARGET_NAME)";
				SUPPORTED_PLATFORMS = "iphoneos iphonesimulator";
				SUPPORTS_MACCATALYST = NO;
				SWIFT_EMIT_LOC_STRINGS = YES;
				SWIFT_VERSION = 5.0;
				TARGETED_DEVICE_FAMILY = 1;
			};
			name = Debug;
		};
		BB0B91602C3524C500F50A08 /* Release */ = {
			isa = XCBuildConfiguration;
			baseConfigurationReference = E1DA4CE993A449509C80FA74 /* Pods-Chat App.release.xcconfig */;
			buildSettings = {
				ASSETCATALOG_COMPILER_APPICON_NAME = AppIcon;
				ASSETCATALOG_COMPILER_GLOBAL_ACCENT_COLOR_NAME = AccentColor;
				CODE_SIGN_STYLE = Automatic;
				CURRENT_PROJECT_VERSION = 1;
				DEVELOPMENT_TEAM = 3R3TM3V34F;
				ENABLE_USER_SCRIPT_SANDBOXING = NO;
				GENERATE_INFOPLIST_FILE = YES;
				INFOPLIST_FILE = "Chat App/Info.plist";
				INFOPLIST_KEY_UIApplicationSupportsIndirectInputEvents = YES;
				INFOPLIST_KEY_UILaunchStoryboardName = LaunchScreen;
				INFOPLIST_KEY_UISupportedInterfaceOrientations_iPad = "UIInterfaceOrientationPortrait UIInterfaceOrientationPortraitUpsideDown UIInterfaceOrientationLandscapeLeft UIInterfaceOrientationLandscapeRight";
				INFOPLIST_KEY_UISupportedInterfaceOrientations_iPhone = "UIInterfaceOrientationPortrait UIInterfaceOrientationLandscapeLeft UIInterfaceOrientationLandscapeRight";
				IPHONEOS_DEPLOYMENT_TARGET = 13.0;
				LD_RUNPATH_SEARCH_PATHS = (
					"$(inherited)",
					"@executable_path/Frameworks",
				);
				MARKETING_VERSION = 1.0;
				PRODUCT_BUNDLE_IDENTIFIER = "com.Chat-App";
				PRODUCT_NAME = "$(TARGET_NAME)";
				SUPPORTED_PLATFORMS = "iphoneos iphonesimulator";
				SUPPORTS_MACCATALYST = NO;
				SWIFT_EMIT_LOC_STRINGS = YES;
				SWIFT_VERSION = 5.0;
				TARGETED_DEVICE_FAMILY = 1;
			};
			name = Release;
		};
/* End XCBuildConfiguration section */

/* Begin XCConfigurationList section */
		BB0B91452C3524C300F50A08 /* Build configuration list for PBXProject "Chat App" */ = {
			isa = XCConfigurationList;
			buildConfigurations = (
				BB0B915C2C3524C500F50A08 /* Debug */,
				BB0B915D2C3524C500F50A08 /* Release */,
			);
			defaultConfigurationIsVisible = 0;
			defaultConfigurationName = Release;
		};
		BB0B915E2C3524C500F50A08 /* Build configuration list for PBXNativeTarget "Chat App" */ = {
			isa = XCConfigurationList;
			buildConfigurations = (
				BB0B915F2C3524C500F50A08 /* Debug */,
				BB0B91602C3524C500F50A08 /* Release */,
			);
			defaultConfigurationIsVisible = 0;
			defaultConfigurationName = Release;
		};
/* End XCConfigurationList section */
	};
	rootObject = BB0B91422C3524C300F50A08 /* Project object */;
}
